
Microsoft Visual Studio Solution File, Format Version 12.00
# Visual Studio Version 17
VisualStudioVersion = 17.5.2.0
MinimumVisualStudioVersion = 10.0.40219.1
Project("{FAE04EC0-301F-11D3-BF4B-00C04F79EFBC}") = "GameStore.Frontend", "GameStore.Frontend\GameStore.Frontend.csproj", "{B327FEFC-6FAB-0CDE-A48E-7585C48A7758}"
EndProject
Project("{FAE04EC0-301F-11D3-BF4B-00C04F79EFBC}") = "GameStore.Backend", "GameStore.Backend\GameStore.Backend.csproj", "{CA398990-742B-4984-ABF9-8E0CFF89185B}"
EndProject
Global
	GlobalSection(SolutionConfigurationPlatforms) = preSolution
		Debug|Any CPU = Debug|Any CPU
		Debug|x64 = Debug|x64
		Debug|x86 = Debug|x86
		Release|Any CPU = Release|Any CPU
		Release|x64 = Release|x64
		Release|x86 = Release|x86
	EndGlobalSection
	GlobalSection(ProjectConfigurationPlatforms) = postSolution
		{B327FEFC-6FAB-0CDE-A48E-7585C48A7758}.Debug|Any CPU.ActiveCfg = Debug|Any CPU
		{B327FEFC-6FAB-0CDE-A48E-7585C48A7758}.Debug|Any CPU.Build.0 = Debug|Any CPU
		{B327FEFC-6FAB-0CDE-A48E-7585C48A7758}.Debug|x64.ActiveCfg = Debug|Any CPU
		{B327FEFC-6FAB-0CDE-A48E-7585C48A7758}.Debug|x64.Build.0 = Debug|Any CPU
		{B327FEFC-6FAB-0CDE-A48E-7585C48A7758}.Debug|x86.ActiveCfg = Debug|Any CPU
		{B327FEFC-6FAB-0CDE-A48E-7585C48A7758}.Debug|x86.Build.0 = Debug|Any CPU
		{B327FEFC-6FAB-0CDE-A48E-7585C48A7758}.Release|Any CPU.ActiveCfg = Release|Any CPU
		{B327FEFC-6FAB-0CDE-A48E-7585C48A7758}.Release|Any CPU.Build.0 = Release|Any CPU
		{B327FEFC-6FAB-0CDE-A48E-7585C48A7758}.Release|x64.ActiveCfg = Release|Any CPU
		{B327FEFC-6FAB-0CDE-A48E-7585C48A7758}.Release|x64.Build.0 = Release|Any CPU
		{B327FEFC-6FAB-0CDE-A48E-7585C48A7758}.Release|x86.ActiveCfg = Release|Any CPU
		{B327FEFC-6FAB-0CDE-A48E-7585C48A7758}.Release|x86.Build.0 = Release|Any CPU
		{CA398990-742B-4984-ABF9-8E0CFF89185B}.Debug|Any CPU.ActiveCfg = Debug|Any CPU
		{CA398990-742B-4984-ABF9-8E0CFF89185B}.Debug|Any CPU.Build.0 = Debug|Any CPU
		{CA398990-742B-4984-ABF9-8E0CFF89185B}.Debug|x64.ActiveCfg = Debug|Any CPU
		{CA398990-742B-4984-ABF9-8E0CFF89185B}.Debug|x64.Build.0 = Debug|Any CPU
		{CA398990-742B-4984-ABF9-8E0CFF89185B}.Debug|x86.ActiveCfg = Debug|Any CPU
		{CA398990-742B-4984-ABF9-8E0CFF89185B}.Debug|x86.Build.0 = Debug|Any CPU
		{CA398990-742B-4984-ABF9-8E0CFF89185B}.Release|Any CPU.ActiveCfg = Release|Any CPU
		{CA398990-742B-4984-ABF9-8E0CFF89185B}.Release|Any CPU.Build.0 = Release|Any CPU
		{CA398990-742B-4984-ABF9-8E0CFF89185B}.Release|x64.ActiveCfg = Release|Any CPU
		{CA398990-742B-4984-ABF9-8E0CFF89185B}.Release|x64.Build.0 = Release|Any CPU
		{CA398990-742B-4984-ABF9-8E0CFF89185B}.Release|x86.ActiveCfg = Release|Any CPU
		{CA398990-742B-4984-ABF9-8E0CFF89185B}.Release|x86.Build.0 = Release|Any CPU
	EndGlobalSection
	GlobalSection(SolutionProperties) = preSolution
		HideSolutionNode = FALSE
	EndGlobalSection
	GlobalSection(ExtensibilityGlobals) = postSolution
		SolutionGuid = {FF3B9170-6F2B-41AA-B659-289B179AF216}
	EndGlobalSection
EndGlobal
